
Microsoft Visual Studio Solution File, Format Version 12.00
# Visual Studio Version 17
VisualStudioVersion = 17.8.34330.188
MinimumVisualStudioVersion = 10.0.40219.1
Project("{9A19103F-16F7-4668-BE54-9A1E7A4F7556}") = "InvoiceCreating", "InvoiceCreating.csproj", "{3D100E24-CF12-400A-9D7C-61FFA03B2D88}"
EndProject
Project("{2150E333-8FDC-42A3-9474-1A3956D46DE8}") = "Solution Items", "Solution Items", "{90FA85A1-4549-4F16-91B4-6F9C0C534030}"
	ProjectSection(SolutionItems) = preProject
		.editorconfig = .editorconfig
	EndProjectSection
EndProject
Global
	GlobalSection(SolutionConfigurationPlatforms) = preSolution
		Debug|Any CPU = Debug|Any CPU
		Release|Any CPU = Release|Any CPU
	EndGlobalSection
	GlobalSection(ProjectConfigurationPlatforms) = postSolution
		{3D100E24-CF12-400A-9D7C-61FFA03B2D88}.Debug|Any CPU.ActiveCfg = Debug|Any CPU
		{3D100E24-CF12-400A-9D7C-61FFA03B2D88}.Debug|Any CPU.Build.0 = Debug|Any CPU
		{3D100E24-CF12-400A-9D7C-61FFA03B2D88}.Release|Any CPU.ActiveCfg = Release|Any CPU
		{3D100E24-CF12-400A-9D7C-61FFA03B2D88}.Release|Any CPU.Build.0 = Release|Any CPU
	EndGlobalSection
	GlobalSection(SolutionProperties) = preSolution
		HideSolutionNode = FALSE
	EndGlobalSection
	GlobalSection(ExtensibilityGlobals) = postSolution
		SolutionGuid = {85578084-1719-4992-9606-8D73CD2A7BDF}
	EndGlobalSection
EndGlobal
